{
  "name": "my-app",
  "version": "1.0.0",
  "lockfileVersion": 1,
  "requires": true,
  "dependencies": {
    "express": {
      "version": "4.17.1",
      "resolved": "https://registry.npmjs.org/express/-/express-4.17.1.tgz",
      "integrity": "sha512-mHJ9O79RqluphRjDcj9xYc2Au3qGSK300kd/aE5h1uZlC3/7tGIeqt3H6hYb5t3os4ydUSAaTyOnM7hb45plerQ=="
    },
    "lodash": {
      "version": "3.0.0",  
      "resolved": "https://registry.npmjs.org/lodash/-/lodash-VULNERABLE_VERSION.tgz",
      "integrity": "sha512-example/example=="
    },
    "moment": {
      "version": "VULNERABLE_VERSION",  // replace with actual version number
      "resolved": "https://registry.npmjs.org/moment/-/moment-VULNERABLE_VERSION.tgz",
      "integrity": "sha512-example/example=="
    }
  }
}
